# THIS IS AN AUTOGENERATED FILE. DO NOT EDIT THIS FILE DIRECTLY.
# yarn lockfile v1


"@types/image-size@^0.8.0":
  version "0.8.0"
  resolved "https://registry.yarnpkg.com/@types/image-size/-/image-size-0.8.0.tgz#736342ea51e076fa5fffd6ff219e9b412d4093f1"
  integrity sha512-hMlhu25ji75dXQk2uZkN3pTJ+lWrgKr8M1fTpyyFvuu+SJZBdGa5gDm4BVNobWXHZbOU11mBj0vciYp7qOfAFg==
  dependencies:
    image-size "*"

"@types/node@^14.14.37":
  version "14.17.18"
  resolved "https://registry.yarnpkg.com/@types/node/-/node-14.17.18.tgz#0198489a751005f71217744aa966cd1f29447c81"
  integrity sha512-haYyibw4pbteEhkSg0xdDLAI3679L75EJ799ymVrPxOA922bPx3ML59SoDsQ//rHlvqpu+e36kcbR3XRQtFblA==

image-size@*, image-size@^1.0.2:
  version "1.0.2"
  resolved "https://registry.yarnpkg.com/image-size/-/image-size-1.0.2.tgz#d778b6d0ab75b2737c1556dd631652eb963bc486"
  integrity sha512-xfOoWjceHntRb3qFCrh5ZFORYH8XCdYpASltMhZ/Q0KZiOwjdE/Yl2QCiWdwD+lygV5bMCvauzgu5PxBX/Yerg==
  dependencies:
    queue "6.0.2"

inherits@~2.0.3:
  version "2.0.4"
  resolved "https://registry.yarnpkg.com/inherits/-/inherits-2.0.4.tgz#0fa2c64f932917c3433a0ded55363aae37416b7c"
  integrity sha512-k/vGaX4/Yla3WzyMCvTQOXYeIHvqOKtnqBduzTHpzpQZzAskKMhZ2K+EnBiSM9zGSoIFeMpXKxa4dYeZIQqewQ==

queue@6.0.2:
  version "6.0.2"
  resolved "https://registry.yarnpkg.com/queue/-/queue-6.0.2.tgz#b91525283e2315c7553d2efa18d83e76432fed65"
  integrity sha512-iHZWu+q3IdFZFX36ro/lKBkSvfkztY5Y7HMiPlOUjhupPcG2JMfst2KKEpu5XndviX/3UhFbRngUPNKtgvtZiA==
  dependencies:
    inherits "~2.0.3"

typescript@^4.2.3:
  version "4.4.3"
  resolved "https://registry.yarnpkg.com/typescript/-/typescript-4.4.3.tgz#bdc5407caa2b109efd4f82fe130656f977a29324"
  integrity sha512-4xfscpisVgqqDfPaJo5vkd+Qd/ItkoagnHpufr+i2QCHBsNYp+G7UAoyFl8aPtx879u38wPV65rZ8qbGZijalA==
